
Microsoft Visual Studio Solution File, Format Version 12.00
# Visual Studio Version 16
VisualStudioVersion = 16.0.30717.126
MinimumVisualStudioVersion = 10.0.40219.1
Project("{FAE04EC0-301F-11D3-BF4B-00C04F79EFBC}") = "SalesWebMvc", "SalesWebMvc\SalesWebMvc.csproj", "{65E101CB-450E-4482-B52A-CCD9F504A95B}"
EndProject
Project("{2150E333-8FDC-42A3-9474-1A3956D46DE8}") = "Teoria", "Teoria", "{5ACB1D79-ECB4-4483-BB84-7276B25748F5}"
EndProject
Project("{FAE04EC0-301F-11D3-BF4B-00C04F79EFBC}") = "Teorico", "Teorico\Teorico.csproj", "{34C9E52D-E564-413E-A54F-A67320C9E403}"
EndProject
Global
	GlobalSection(SolutionConfigurationPlatforms) = preSolution
		Debug|Any CPU = Debug|Any CPU
		Release|Any CPU = Release|Any CPU
	EndGlobalSection
	GlobalSection(ProjectConfigurationPlatforms) = postSolution
		{65E101CB-450E-4482-B52A-CCD9F504A95B}.Debug|Any CPU.ActiveCfg = Debug|Any CPU
		{65E101CB-450E-4482-B52A-CCD9F504A95B}.Debug|Any CPU.Build.0 = Debug|Any CPU
		{65E101CB-450E-4482-B52A-CCD9F504A95B}.Release|Any CPU.ActiveCfg = Release|Any CPU
		{65E101CB-450E-4482-B52A-CCD9F504A95B}.Release|Any CPU.Build.0 = Release|Any CPU
		{34C9E52D-E564-413E-A54F-A67320C9E403}.Debug|Any CPU.ActiveCfg = Debug|Any CPU
		{34C9E52D-E564-413E-A54F-A67320C9E403}.Debug|Any CPU.Build.0 = Debug|Any CPU
		{34C9E52D-E564-413E-A54F-A67320C9E403}.Release|Any CPU.ActiveCfg = Release|Any CPU
		{34C9E52D-E564-413E-A54F-A67320C9E403}.Release|Any CPU.Build.0 = Release|Any CPU
	EndGlobalSection
	GlobalSection(SolutionProperties) = preSolution
		HideSolutionNode = FALSE
	EndGlobalSection
	GlobalSection(NestedProjects) = preSolution
		{34C9E52D-E564-413E-A54F-A67320C9E403} = {5ACB1D79-ECB4-4483-BB84-7276B25748F5}
	EndGlobalSection
	GlobalSection(ExtensibilityGlobals) = postSolution
		SolutionGuid = {2D777E6B-B590-4B24-B547-F2FD40A269B0}
	EndGlobalSection
EndGlobal
